
Microsoft Visual Studio Solution File, Format Version 12.00
# Visual Studio Version 17
VisualStudioVersion = 17.6.33723.286
MinimumVisualStudioVersion = 10.0.40219.1
Project("{FAE04EC0-301F-11D3-BF4B-00C04F79EFBC}") = "Task1", "Task1\Task1.csproj", "{24DF27B3-C744-4319-B55B-CE8D780CF706}"
EndProject
Project("{FAE04EC0-301F-11D3-BF4B-00C04F79EFBC}") = "Task2", "Task2\Task2.csproj", "{74516FAD-E3EC-4B7E-806C-C42508132E2A}"
EndProject
Project("{FAE04EC0-301F-11D3-BF4B-00C04F79EFBC}") = "Task3", "Task3\Task3.csproj", "{85156B97-47E8-4C2C-9173-6BD04D79D3B2}"
EndProject
Project("{FAE04EC0-301F-11D3-BF4B-00C04F79EFBC}") = "Task4", "Task4\Task4.csproj", "{AA205469-9425-4904-8F57-156275039DBB}"
EndProject
Project("{FAE04EC0-301F-11D3-BF4B-00C04F79EFBC}") = "Task5", "Task5\Task5.csproj", "{7E0428E7-AF0B-4C89-A9E7-628ECCF2E458}"
EndProject
Project("{FAE04EC0-301F-11D3-BF4B-00C04F79EFBC}") = "Task6", "Task6\Task6.csproj", "{724D12C0-50B7-4074-9BC3-C3A49DF18B1E}"
EndProject
Global
	GlobalSection(SolutionConfigurationPlatforms) = preSolution
		Debug|Any CPU = Debug|Any CPU
		Release|Any CPU = Release|Any CPU
	EndGlobalSection
	GlobalSection(ProjectConfigurationPlatforms) = postSolution
		{24DF27B3-C744-4319-B55B-CE8D780CF706}.Debug|Any CPU.ActiveCfg = Debug|Any CPU
		{24DF27B3-C744-4319-B55B-CE8D780CF706}.Debug|Any CPU.Build.0 = Debug|Any CPU
		{24DF27B3-C744-4319-B55B-CE8D780CF706}.Release|Any CPU.ActiveCfg = Release|Any CPU
		{24DF27B3-C744-4319-B55B-CE8D780CF706}.Release|Any CPU.Build.0 = Release|Any CPU
		{74516FAD-E3EC-4B7E-806C-C42508132E2A}.Debug|Any CPU.ActiveCfg = Debug|Any CPU
		{74516FAD-E3EC-4B7E-806C-C42508132E2A}.Debug|Any CPU.Build.0 = Debug|Any CPU
		{74516FAD-E3EC-4B7E-806C-C42508132E2A}.Release|Any CPU.ActiveCfg = Release|Any CPU
		{74516FAD-E3EC-4B7E-806C-C42508132E2A}.Release|Any CPU.Build.0 = Release|Any CPU
		{85156B97-47E8-4C2C-9173-6BD04D79D3B2}.Debug|Any CPU.ActiveCfg = Debug|Any CPU
		{85156B97-47E8-4C2C-9173-6BD04D79D3B2}.Debug|Any CPU.Build.0 = Debug|Any CPU
		{85156B97-47E8-4C2C-9173-6BD04D79D3B2}.Release|Any CPU.ActiveCfg = Release|Any CPU
		{85156B97-47E8-4C2C-9173-6BD04D79D3B2}.Release|Any CPU.Build.0 = Release|Any CPU
		{AA205469-9425-4904-8F57-156275039DBB}.Debug|Any CPU.ActiveCfg = Debug|Any CPU
		{AA205469-9425-4904-8F57-156275039DBB}.Debug|Any CPU.Build.0 = Debug|Any CPU
		{AA205469-9425-4904-8F57-156275039DBB}.Release|Any CPU.ActiveCfg = Release|Any CPU
		{AA205469-9425-4904-8F57-156275039DBB}.Release|Any CPU.Build.0 = Release|Any CPU
		{7E0428E7-AF0B-4C89-A9E7-628ECCF2E458}.Debug|Any CPU.ActiveCfg = Debug|Any CPU
		{7E0428E7-AF0B-4C89-A9E7-628ECCF2E458}.Debug|Any CPU.Build.0 = Debug|Any CPU
		{7E0428E7-AF0B-4C89-A9E7-628ECCF2E458}.Release|Any CPU.ActiveCfg = Release|Any CPU
		{7E0428E7-AF0B-4C89-A9E7-628ECCF2E458}.Release|Any CPU.Build.0 = Release|Any CPU
		{724D12C0-50B7-4074-9BC3-C3A49DF18B1E}.Debug|Any CPU.ActiveCfg = Debug|Any CPU
		{724D12C0-50B7-4074-9BC3-C3A49DF18B1E}.Debug|Any CPU.Build.0 = Debug|Any CPU
		{724D12C0-50B7-4074-9BC3-C3A49DF18B1E}.Release|Any CPU.ActiveCfg = Release|Any CPU
		{724D12C0-50B7-4074-9BC3-C3A49DF18B1E}.Release|Any CPU.Build.0 = Release|Any CPU
	EndGlobalSection
	GlobalSection(SolutionProperties) = preSolution
		HideSolutionNode = FALSE
	EndGlobalSection
	GlobalSection(ExtensibilityGlobals) = postSolution
		SolutionGuid = {D2C1D959-E5E6-49B8-962D-C7D17E60AEE2}
	EndGlobalSection
EndGlobal
