
Microsoft Visual Studio Solution File, Format Version 12.00
Project("{FAE04EC0-301F-11D3-BF4B-00C04F79EFBC}") = "Task 1", "Task 1\Task 1.csproj", "{DC06BFC2-576E-4599-877B-1DB26559BA75}"
EndProject
Global
	GlobalSection(SolutionConfigurationPlatforms) = preSolution
		Debug|Any CPU = Debug|Any CPU
		Release|Any CPU = Release|Any CPU
	EndGlobalSection
	GlobalSection(ProjectConfigurationPlatforms) = postSolution
		{DC06BFC2-576E-4599-877B-1DB26559BA75}.Debug|Any CPU.ActiveCfg = Debug|Any CPU
		{DC06BFC2-576E-4599-877B-1DB26559BA75}.Debug|Any CPU.Build.0 = Debug|Any CPU
		{DC06BFC2-576E-4599-877B-1DB26559BA75}.Release|Any CPU.ActiveCfg = Release|Any CPU
		{DC06BFC2-576E-4599-877B-1DB26559BA75}.Release|Any CPU.Build.0 = Release|Any CPU
	EndGlobalSection
EndGlobal
