
Microsoft Visual Studio Solution File, Format Version 12.00
# Visual Studio Version 17
VisualStudioVersion = 17.6.33723.286
MinimumVisualStudioVersion = 10.0.40219.1
Project("{FAE04EC0-301F-11D3-BF4B-00C04F79EFBC}") = "Task 1", "Task 1\Task 1.csproj", "{0B55630D-4F5A-4638-A587-9B471C564BB4}"
EndProject
Project("{FAE04EC0-301F-11D3-BF4B-00C04F79EFBC}") = "Task 2", "Task 2\Task 2.csproj", "{C3879B7E-3C35-41F0-A044-C6FAA974B5D8}"
EndProject
Global
	GlobalSection(SolutionConfigurationPlatforms) = preSolution
		Debug|Any CPU = Debug|Any CPU
		Release|Any CPU = Release|Any CPU
	EndGlobalSection
	GlobalSection(ProjectConfigurationPlatforms) = postSolution
		{0B55630D-4F5A-4638-A587-9B471C564BB4}.Debug|Any CPU.ActiveCfg = Debug|Any CPU
		{0B55630D-4F5A-4638-A587-9B471C564BB4}.Debug|Any CPU.Build.0 = Debug|Any CPU
		{0B55630D-4F5A-4638-A587-9B471C564BB4}.Release|Any CPU.ActiveCfg = Release|Any CPU
		{0B55630D-4F5A-4638-A587-9B471C564BB4}.Release|Any CPU.Build.0 = Release|Any CPU
		{C3879B7E-3C35-41F0-A044-C6FAA974B5D8}.Debug|Any CPU.ActiveCfg = Debug|Any CPU
		{C3879B7E-3C35-41F0-A044-C6FAA974B5D8}.Debug|Any CPU.Build.0 = Debug|Any CPU
		{C3879B7E-3C35-41F0-A044-C6FAA974B5D8}.Release|Any CPU.ActiveCfg = Release|Any CPU
		{C3879B7E-3C35-41F0-A044-C6FAA974B5D8}.Release|Any CPU.Build.0 = Release|Any CPU
	EndGlobalSection
	GlobalSection(SolutionProperties) = preSolution
		HideSolutionNode = FALSE
	EndGlobalSection
	GlobalSection(ExtensibilityGlobals) = postSolution
		SolutionGuid = {74A5C15D-716B-42E6-84A2-94CD3CB94162}
	EndGlobalSection
EndGlobal
