
Microsoft Visual Studio Solution File, Format Version 12.00
# Visual Studio Version 17
VisualStudioVersion = 17.6.33723.286
MinimumVisualStudioVersion = 10.0.40219.1
Project("{FAE04EC0-301F-11D3-BF4B-00C04F79EFBC}") = "Task 1", "Task 1\Task 1.csproj", "{C2DD865F-137F-4880-A1F3-CB6DF16BF4E2}"
EndProject
Global
	GlobalSection(SolutionConfigurationPlatforms) = preSolution
		Debug|Any CPU = Debug|Any CPU
		Release|Any CPU = Release|Any CPU
	EndGlobalSection
	GlobalSection(ProjectConfigurationPlatforms) = postSolution
		{C2DD865F-137F-4880-A1F3-CB6DF16BF4E2}.Debug|Any CPU.ActiveCfg = Debug|Any CPU
		{C2DD865F-137F-4880-A1F3-CB6DF16BF4E2}.Debug|Any CPU.Build.0 = Debug|Any CPU
		{C2DD865F-137F-4880-A1F3-CB6DF16BF4E2}.Release|Any CPU.ActiveCfg = Release|Any CPU
		{C2DD865F-137F-4880-A1F3-CB6DF16BF4E2}.Release|Any CPU.Build.0 = Release|Any CPU
	EndGlobalSection
	GlobalSection(SolutionProperties) = preSolution
		HideSolutionNode = FALSE
	EndGlobalSection
	GlobalSection(ExtensibilityGlobals) = postSolution
		SolutionGuid = {B25F86E8-2A3B-4887-93DE-53934823417A}
	EndGlobalSection
EndGlobal
