
Microsoft Visual Studio Solution File, Format Version 12.00
# Visual Studio Version 17
VisualStudioVersion = 17.6.33723.286
MinimumVisualStudioVersion = 10.0.40219.1
Project("{FAE04EC0-301F-11D3-BF4B-00C04F79EFBC}") = "Task1", "Task1\Task1.csproj", "{77A100E6-1415-4FBF-9A33-C4F37D3CDCB9}"
EndProject
Project("{FAE04EC0-301F-11D3-BF4B-00C04F79EFBC}") = "Task2", "Task2\Task2.csproj", "{A11B0DCC-8AF6-4FAD-8FE3-8DE2B3B06F99}"
EndProject
Project("{FAE04EC0-301F-11D3-BF4B-00C04F79EFBC}") = "Task3", "Task3\Task3.csproj", "{5DF1A1B7-57BC-474C-8F18-04F49506DAF5}"
EndProject
Project("{FAE04EC0-301F-11D3-BF4B-00C04F79EFBC}") = "Task4", "Task4\Task4.csproj", "{76CBFA75-B754-4923-AAEB-AD61634FDD7B}"
EndProject
Project("{FAE04EC0-301F-11D3-BF4B-00C04F79EFBC}") = "Task5", "Task5\Task5.csproj", "{FF157D64-CA41-4B5A-B8AC-1E2CA72E0BB8}"
EndProject
Project("{2150E333-8FDC-42A3-9474-1A3956D46DE8}") = "Solution Items", "Solution Items", "{1130C2EC-9956-4F87-90E2-A0E8C71ED462}"
EndProject
Global
	GlobalSection(SolutionConfigurationPlatforms) = preSolution
		Debug|Any CPU = Debug|Any CPU
		Release|Any CPU = Release|Any CPU
	EndGlobalSection
	GlobalSection(ProjectConfigurationPlatforms) = postSolution
		{77A100E6-1415-4FBF-9A33-C4F37D3CDCB9}.Debug|Any CPU.ActiveCfg = Debug|Any CPU
		{77A100E6-1415-4FBF-9A33-C4F37D3CDCB9}.Debug|Any CPU.Build.0 = Debug|Any CPU
		{77A100E6-1415-4FBF-9A33-C4F37D3CDCB9}.Release|Any CPU.ActiveCfg = Release|Any CPU
		{77A100E6-1415-4FBF-9A33-C4F37D3CDCB9}.Release|Any CPU.Build.0 = Release|Any CPU
		{A11B0DCC-8AF6-4FAD-8FE3-8DE2B3B06F99}.Debug|Any CPU.ActiveCfg = Debug|Any CPU
		{A11B0DCC-8AF6-4FAD-8FE3-8DE2B3B06F99}.Debug|Any CPU.Build.0 = Debug|Any CPU
		{A11B0DCC-8AF6-4FAD-8FE3-8DE2B3B06F99}.Release|Any CPU.ActiveCfg = Release|Any CPU
		{A11B0DCC-8AF6-4FAD-8FE3-8DE2B3B06F99}.Release|Any CPU.Build.0 = Release|Any CPU
		{5DF1A1B7-57BC-474C-8F18-04F49506DAF5}.Debug|Any CPU.ActiveCfg = Debug|Any CPU
		{5DF1A1B7-57BC-474C-8F18-04F49506DAF5}.Debug|Any CPU.Build.0 = Debug|Any CPU
		{5DF1A1B7-57BC-474C-8F18-04F49506DAF5}.Release|Any CPU.ActiveCfg = Release|Any CPU
		{5DF1A1B7-57BC-474C-8F18-04F49506DAF5}.Release|Any CPU.Build.0 = Release|Any CPU
		{76CBFA75-B754-4923-AAEB-AD61634FDD7B}.Debug|Any CPU.ActiveCfg = Debug|Any CPU
		{76CBFA75-B754-4923-AAEB-AD61634FDD7B}.Debug|Any CPU.Build.0 = Debug|Any CPU
		{76CBFA75-B754-4923-AAEB-AD61634FDD7B}.Release|Any CPU.ActiveCfg = Release|Any CPU
		{76CBFA75-B754-4923-AAEB-AD61634FDD7B}.Release|Any CPU.Build.0 = Release|Any CPU
		{FF157D64-CA41-4B5A-B8AC-1E2CA72E0BB8}.Debug|Any CPU.ActiveCfg = Debug|Any CPU
		{FF157D64-CA41-4B5A-B8AC-1E2CA72E0BB8}.Debug|Any CPU.Build.0 = Debug|Any CPU
		{FF157D64-CA41-4B5A-B8AC-1E2CA72E0BB8}.Release|Any CPU.ActiveCfg = Release|Any CPU
		{FF157D64-CA41-4B5A-B8AC-1E2CA72E0BB8}.Release|Any CPU.Build.0 = Release|Any CPU
	EndGlobalSection
	GlobalSection(SolutionProperties) = preSolution
		HideSolutionNode = FALSE
	EndGlobalSection
	GlobalSection(ExtensibilityGlobals) = postSolution
		SolutionGuid = {6477BC18-72EF-460C-9844-6AF4ECD4B63F}
	EndGlobalSection
EndGlobal
